
Microsoft Visual Studio Solution File, Format Version 12.00
# Visual Studio Version 17
VisualStudioVersion = 17.2.32630.192
MinimumVisualStudioVersion = 10.0.40219.1
Project("{9A19103F-16F7-4668-BE54-9A1E7A4F7556}") = "BankKata", "BankKata\BankKata.csproj", "{06C65968-689F-4A9E-916A-1C82767A285A}"
EndProject
Project("{9A19103F-16F7-4668-BE54-9A1E7A4F7556}") = "BankKata.Test", "BankKata.Test\BankKata.Test.csproj", "{AB8D43A6-7249-4888-914E-D20B0C81158A}"
EndProject
Project("{2150E333-8FDC-42A3-9474-1A3956D46DE8}") = "Elementos de la solución", "Elementos de la solución", "{22E49871-22B3-4E54-811C-5623B50B9F8A}"
	ProjectSection(SolutionItems) = preProject
		README.md = README.md
	EndProjectSection
EndProject
Global
	GlobalSection(SolutionConfigurationPlatforms) = preSolution
		Debug|Any CPU = Debug|Any CPU
		Release|Any CPU = Release|Any CPU
	EndGlobalSection
	GlobalSection(ProjectConfigurationPlatforms) = postSolution
		{06C65968-689F-4A9E-916A-1C82767A285A}.Debug|Any CPU.ActiveCfg = Debug|Any CPU
		{06C65968-689F-4A9E-916A-1C82767A285A}.Debug|Any CPU.Build.0 = Debug|Any CPU
		{06C65968-689F-4A9E-916A-1C82767A285A}.Release|Any CPU.ActiveCfg = Release|Any CPU
		{06C65968-689F-4A9E-916A-1C82767A285A}.Release|Any CPU.Build.0 = Release|Any CPU
		{AB8D43A6-7249-4888-914E-D20B0C81158A}.Debug|Any CPU.ActiveCfg = Debug|Any CPU
		{AB8D43A6-7249-4888-914E-D20B0C81158A}.Debug|Any CPU.Build.0 = Debug|Any CPU
		{AB8D43A6-7249-4888-914E-D20B0C81158A}.Release|Any CPU.ActiveCfg = Release|Any CPU
		{AB8D43A6-7249-4888-914E-D20B0C81158A}.Release|Any CPU.Build.0 = Release|Any CPU
	EndGlobalSection
	GlobalSection(SolutionProperties) = preSolution
		HideSolutionNode = FALSE
	EndGlobalSection
	GlobalSection(ExtensibilityGlobals) = postSolution
		SolutionGuid = {76B34E6F-A657-4529-BE91-CC6875E6E537}
	EndGlobalSection
EndGlobal
